
Microsoft Visual Studio Solution File, Format Version 12.00
# Visual Studio Version 16
VisualStudioVersion = 16.0.28803.452
MinimumVisualStudioVersion = 10.0.40219.1
Project("{FAE04EC0-301F-11D3-BF4B-00C04F79EFBC}") = "WpfApp1", "WpfApp1\WpfApp1.csproj", "{3EB943B1-DA43-4A97-9F35-77A21A5BB0F3}"
EndProject
Global
	GlobalSection(SolutionConfigurationPlatforms) = preSolution
		Debug|Any CPU = Debug|Any CPU
		Release|Any CPU = Release|Any CPU
	EndGlobalSection
	GlobalSection(ProjectConfigurationPlatforms) = postSolution
		{3EB943B1-DA43-4A97-9F35-77A21A5BB0F3}.Debug|Any CPU.ActiveCfg = Debug|Any CPU
		{3EB943B1-DA43-4A97-9F35-77A21A5BB0F3}.Debug|Any CPU.Build.0 = Debug|Any CPU
		{3EB943B1-DA43-4A97-9F35-77A21A5BB0F3}.Release|Any CPU.ActiveCfg = Release|Any CPU
		{3EB943B1-DA43-4A97-9F35-77A21A5BB0F3}.Release|Any CPU.Build.0 = Release|Any CPU
	EndGlobalSection
	GlobalSection(SolutionProperties) = preSolution
		HideSolutionNode = FALSE
	EndGlobalSection
	GlobalSection(ExtensibilityGlobals) = postSolution
		SolutionGuid = {9C7ACAF1-7901-49D2-BBC8-A5A477BD8A72}
	EndGlobalSection
EndGlobal
